
Microsoft Visual Studio Solution File, Format Version 12.00
# Visual Studio Version 16
VisualStudioVersion = 16.0.30611.23
MinimumVisualStudioVersion = 10.0.40219.1
Project("{FAE04EC0-301F-11D3-BF4B-00C04F79EFBC}") = "APP_GACH_NO.Android", "APP_GACH_NO.Android\APP_GACH_NO.Android.csproj", "{5C2D6C6C-2B5E-4961-8CDB-2DE913DECA7B}"
EndProject
Project("{FAE04EC0-301F-11D3-BF4B-00C04F79EFBC}") = "APP_GACH_NO.iOS", "APP_GACH_NO.iOS\APP_GACH_NO.iOS.csproj", "{83EC32F4-3660-42DB-929A-B09A1D4A28B5}"
EndProject
Project("{FAE04EC0-301F-11D3-BF4B-00C04F79EFBC}") = "APP_GACH_NO", "APP_GACH_NO\APP_GACH_NO.csproj", "{2027C8CC-341A-4353-BEF3-DC4196CEA5D2}"
EndProject
Global
	GlobalSection(SolutionConfigurationPlatforms) = preSolution
		Debug|Any CPU = Debug|Any CPU
		Debug|iPhone = Debug|iPhone
		Debug|iPhoneSimulator = Debug|iPhoneSimulator
		Release|Any CPU = Release|Any CPU
		Release|iPhone = Release|iPhone
		Release|iPhoneSimulator = Release|iPhoneSimulator
	EndGlobalSection
	GlobalSection(ProjectConfigurationPlatforms) = postSolution
		{5C2D6C6C-2B5E-4961-8CDB-2DE913DECA7B}.Debug|Any CPU.ActiveCfg = Debug|Any CPU
		{5C2D6C6C-2B5E-4961-8CDB-2DE913DECA7B}.Debug|Any CPU.Build.0 = Debug|Any CPU
		{5C2D6C6C-2B5E-4961-8CDB-2DE913DECA7B}.Debug|Any CPU.Deploy.0 = Debug|Any CPU
		{5C2D6C6C-2B5E-4961-8CDB-2DE913DECA7B}.Debug|iPhone.ActiveCfg = Debug|Any CPU
		{5C2D6C6C-2B5E-4961-8CDB-2DE913DECA7B}.Debug|iPhone.Build.0 = Debug|Any CPU
		{5C2D6C6C-2B5E-4961-8CDB-2DE913DECA7B}.Debug|iPhone.Deploy.0 = Debug|Any CPU
		{5C2D6C6C-2B5E-4961-8CDB-2DE913DECA7B}.Debug|iPhoneSimulator.ActiveCfg = Debug|Any CPU
		{5C2D6C6C-2B5E-4961-8CDB-2DE913DECA7B}.Debug|iPhoneSimulator.Build.0 = Debug|Any CPU
		{5C2D6C6C-2B5E-4961-8CDB-2DE913DECA7B}.Debug|iPhoneSimulator.Deploy.0 = Debug|Any CPU
		{5C2D6C6C-2B5E-4961-8CDB-2DE913DECA7B}.Release|Any CPU.ActiveCfg = Release|Any CPU
		{5C2D6C6C-2B5E-4961-8CDB-2DE913DECA7B}.Release|Any CPU.Build.0 = Release|Any CPU
		{5C2D6C6C-2B5E-4961-8CDB-2DE913DECA7B}.Release|Any CPU.Deploy.0 = Release|Any CPU
		{5C2D6C6C-2B5E-4961-8CDB-2DE913DECA7B}.Release|iPhone.ActiveCfg = Release|Any CPU
		{5C2D6C6C-2B5E-4961-8CDB-2DE913DECA7B}.Release|iPhone.Build.0 = Release|Any CPU
		{5C2D6C6C-2B5E-4961-8CDB-2DE913DECA7B}.Release|iPhone.Deploy.0 = Release|Any CPU
		{5C2D6C6C-2B5E-4961-8CDB-2DE913DECA7B}.Release|iPhoneSimulator.ActiveCfg = Release|Any CPU
		{5C2D6C6C-2B5E-4961-8CDB-2DE913DECA7B}.Release|iPhoneSimulator.Build.0 = Release|Any CPU
		{5C2D6C6C-2B5E-4961-8CDB-2DE913DECA7B}.Release|iPhoneSimulator.Deploy.0 = Release|Any CPU
		{83EC32F4-3660-42DB-929A-B09A1D4A28B5}.Debug|Any CPU.ActiveCfg = Debug|iPhone
		{83EC32F4-3660-42DB-929A-B09A1D4A28B5}.Debug|Any CPU.Build.0 = Debug|iPhone
		{83EC32F4-3660-42DB-929A-B09A1D4A28B5}.Debug|Any CPU.Deploy.0 = Debug|iPhone
		{83EC32F4-3660-42DB-929A-B09A1D4A28B5}.Debug|iPhone.ActiveCfg = Debug|iPhone
		{83EC32F4-3660-42DB-929A-B09A1D4A28B5}.Debug|iPhone.Build.0 = Debug|iPhone
		{83EC32F4-3660-42DB-929A-B09A1D4A28B5}.Debug|iPhone.Deploy.0 = Debug|iPhone
		{83EC32F4-3660-42DB-929A-B09A1D4A28B5}.Debug|iPhoneSimulator.ActiveCfg = Debug|iPhoneSimulator
		{83EC32F4-3660-42DB-929A-B09A1D4A28B5}.Debug|iPhoneSimulator.Build.0 = Debug|iPhoneSimulator
		{83EC32F4-3660-42DB-929A-B09A1D4A28B5}.Debug|iPhoneSimulator.Deploy.0 = Debug|iPhoneSimulator
		{83EC32F4-3660-42DB-929A-B09A1D4A28B5}.Release|Any CPU.ActiveCfg = Release|iPhoneSimulator
		{83EC32F4-3660-42DB-929A-B09A1D4A28B5}.Release|Any CPU.Build.0 = Release|iPhoneSimulator
		{83EC32F4-3660-42DB-929A-B09A1D4A28B5}.Release|Any CPU.Deploy.0 = Release|iPhoneSimulator
		{83EC32F4-3660-42DB-929A-B09A1D4A28B5}.Release|iPhone.ActiveCfg = Release|iPhone
		{83EC32F4-3660-42DB-929A-B09A1D4A28B5}.Release|iPhone.Build.0 = Release|iPhone
		{83EC32F4-3660-42DB-929A-B09A1D4A28B5}.Release|iPhone.Deploy.0 = Release|iPhone
		{83EC32F4-3660-42DB-929A-B09A1D4A28B5}.Release|iPhoneSimulator.ActiveCfg = Release|iPhoneSimulator
		{83EC32F4-3660-42DB-929A-B09A1D4A28B5}.Release|iPhoneSimulator.Build.0 = Release|iPhoneSimulator
		{83EC32F4-3660-42DB-929A-B09A1D4A28B5}.Release|iPhoneSimulator.Deploy.0 = Release|iPhoneSimulator
		{2027C8CC-341A-4353-BEF3-DC4196CEA5D2}.Debug|Any CPU.ActiveCfg = Debug|Any CPU
		{2027C8CC-341A-4353-BEF3-DC4196CEA5D2}.Debug|Any CPU.Build.0 = Debug|Any CPU
		{2027C8CC-341A-4353-BEF3-DC4196CEA5D2}.Debug|Any CPU.Deploy.0 = Debug|Any CPU
		{2027C8CC-341A-4353-BEF3-DC4196CEA5D2}.Debug|iPhone.ActiveCfg = Debug|Any CPU
		{2027C8CC-341A-4353-BEF3-DC4196CEA5D2}.Debug|iPhone.Build.0 = Debug|Any CPU
		{2027C8CC-341A-4353-BEF3-DC4196CEA5D2}.Debug|iPhone.Deploy.0 = Debug|Any CPU
		{2027C8CC-341A-4353-BEF3-DC4196CEA5D2}.Debug|iPhoneSimulator.ActiveCfg = Debug|Any CPU
		{2027C8CC-341A-4353-BEF3-DC4196CEA5D2}.Debug|iPhoneSimulator.Build.0 = Debug|Any CPU
		{2027C8CC-341A-4353-BEF3-DC4196CEA5D2}.Debug|iPhoneSimulator.Deploy.0 = Debug|Any CPU
		{2027C8CC-341A-4353-BEF3-DC4196CEA5D2}.Release|Any CPU.ActiveCfg = Release|Any CPU
		{2027C8CC-341A-4353-BEF3-DC4196CEA5D2}.Release|Any CPU.Build.0 = Release|Any CPU
		{2027C8CC-341A-4353-BEF3-DC4196CEA5D2}.Release|Any CPU.Deploy.0 = Release|Any CPU
		{2027C8CC-341A-4353-BEF3-DC4196CEA5D2}.Release|iPhone.ActiveCfg = Release|Any CPU
		{2027C8CC-341A-4353-BEF3-DC4196CEA5D2}.Release|iPhone.Build.0 = Release|Any CPU
		{2027C8CC-341A-4353-BEF3-DC4196CEA5D2}.Release|iPhone.Deploy.0 = Release|Any CPU
		{2027C8CC-341A-4353-BEF3-DC4196CEA5D2}.Release|iPhoneSimulator.ActiveCfg = Release|Any CPU
		{2027C8CC-341A-4353-BEF3-DC4196CEA5D2}.Release|iPhoneSimulator.Build.0 = Release|Any CPU
		{2027C8CC-341A-4353-BEF3-DC4196CEA5D2}.Release|iPhoneSimulator.Deploy.0 = Release|Any CPU
	EndGlobalSection
	GlobalSection(SolutionProperties) = preSolution
		HideSolutionNode = FALSE
	EndGlobalSection
	GlobalSection(ExtensibilityGlobals) = postSolution
		SolutionGuid = {425EAC8D-7DCC-4806-ACD0-EEB018A2265D}
	EndGlobalSection
EndGlobal
